
Microsoft Visual Studio Solution File, Format Version 12.00
# Visual Studio Version 16
VisualStudioVersion = 16.0.29920.165
MinimumVisualStudioVersion = 10.0.40219.1
Project("{9A19103F-16F7-4668-BE54-9A1E7A4F7556}") = "Business", "Business\Business.csproj", "{E1C4A7A1-E05D-4374-A806-C07F2B33D1B3}"
EndProject
Project("{9A19103F-16F7-4668-BE54-9A1E7A4F7556}") = "DataAccess", "DataAccess\DataAccess.csproj", "{61242EDC-8239-42E1-B957-4DE7833D14F9}"
EndProject
Project("{9A19103F-16F7-4668-BE54-9A1E7A4F7556}") = "Entities", "Entities\Entities.csproj", "{CA3195A1-C73F-4C75-9EC4-6F96D710D0CD}"
EndProject
Project("{9A19103F-16F7-4668-BE54-9A1E7A4F7556}") = "Console", "Console\Console.csproj", "{0775B31C-413A-441B-839F-9162A8403948}"
EndProject
Project("{9A19103F-16F7-4668-BE54-9A1E7A4F7556}") = "Core", "Core\Core.csproj", "{C0A98D88-5CC5-4FD4-ACCB-1FB96E745081}"
EndProject
Project("{FAE04EC0-301F-11D3-BF4B-00C04F79EFBC}") = "WebAPI", "WebAPI\WebAPI.csproj", "{C6EA282D-D65B-4E0D-97EA-C7103B3ECA9F}"
EndProject
Global
	GlobalSection(SolutionConfigurationPlatforms) = preSolution
		Debug|Any CPU = Debug|Any CPU
		Release|Any CPU = Release|Any CPU
	EndGlobalSection
	GlobalSection(ProjectConfigurationPlatforms) = postSolution
		{E1C4A7A1-E05D-4374-A806-C07F2B33D1B3}.Debug|Any CPU.ActiveCfg = Debug|Any CPU
		{E1C4A7A1-E05D-4374-A806-C07F2B33D1B3}.Debug|Any CPU.Build.0 = Debug|Any CPU
		{E1C4A7A1-E05D-4374-A806-C07F2B33D1B3}.Release|Any CPU.ActiveCfg = Release|Any CPU
		{E1C4A7A1-E05D-4374-A806-C07F2B33D1B3}.Release|Any CPU.Build.0 = Release|Any CPU
		{61242EDC-8239-42E1-B957-4DE7833D14F9}.Debug|Any CPU.ActiveCfg = Debug|Any CPU
		{61242EDC-8239-42E1-B957-4DE7833D14F9}.Debug|Any CPU.Build.0 = Debug|Any CPU
		{61242EDC-8239-42E1-B957-4DE7833D14F9}.Release|Any CPU.ActiveCfg = Release|Any CPU
		{61242EDC-8239-42E1-B957-4DE7833D14F9}.Release|Any CPU.Build.0 = Release|Any CPU
		{CA3195A1-C73F-4C75-9EC4-6F96D710D0CD}.Debug|Any CPU.ActiveCfg = Debug|Any CPU
		{CA3195A1-C73F-4C75-9EC4-6F96D710D0CD}.Debug|Any CPU.Build.0 = Debug|Any CPU
		{CA3195A1-C73F-4C75-9EC4-6F96D710D0CD}.Release|Any CPU.ActiveCfg = Release|Any CPU
		{CA3195A1-C73F-4C75-9EC4-6F96D710D0CD}.Release|Any CPU.Build.0 = Release|Any CPU
		{0775B31C-413A-441B-839F-9162A8403948}.Debug|Any CPU.ActiveCfg = Debug|Any CPU
		{0775B31C-413A-441B-839F-9162A8403948}.Debug|Any CPU.Build.0 = Debug|Any CPU
		{0775B31C-413A-441B-839F-9162A8403948}.Release|Any CPU.ActiveCfg = Release|Any CPU
		{0775B31C-413A-441B-839F-9162A8403948}.Release|Any CPU.Build.0 = Release|Any CPU
		{C0A98D88-5CC5-4FD4-ACCB-1FB96E745081}.Debug|Any CPU.ActiveCfg = Debug|Any CPU
		{C0A98D88-5CC5-4FD4-ACCB-1FB96E745081}.Debug|Any CPU.Build.0 = Debug|Any CPU
		{C0A98D88-5CC5-4FD4-ACCB-1FB96E745081}.Release|Any CPU.ActiveCfg = Release|Any CPU
		{C0A98D88-5CC5-4FD4-ACCB-1FB96E745081}.Release|Any CPU.Build.0 = Release|Any CPU
		{C6EA282D-D65B-4E0D-97EA-C7103B3ECA9F}.Debug|Any CPU.ActiveCfg = Debug|Any CPU
		{C6EA282D-D65B-4E0D-97EA-C7103B3ECA9F}.Debug|Any CPU.Build.0 = Debug|Any CPU
		{C6EA282D-D65B-4E0D-97EA-C7103B3ECA9F}.Release|Any CPU.ActiveCfg = Release|Any CPU
		{C6EA282D-D65B-4E0D-97EA-C7103B3ECA9F}.Release|Any CPU.Build.0 = Release|Any CPU
	EndGlobalSection
	GlobalSection(SolutionProperties) = preSolution
		HideSolutionNode = FALSE
	EndGlobalSection
	GlobalSection(ExtensibilityGlobals) = postSolution
		SolutionGuid = {B36044BF-851A-4F09-B12A-4E7E682E3679}
	EndGlobalSection
EndGlobal
